schema: '2.0'
stages:
  data_import:
    cmd: python scripts/data_import.py
    deps:
    - path: scripts/data_import.py
      hash: md5
      md5: b769ba85323e5a9096d855636c677b98
      size: 3994
    params:
      params.yaml:
        data_import.file_size: 100
    outs:
    - path: Data/Raw
      hash: md5
      md5: e77eeb0fd95f1391b2fa3ffcb28d71f8.dir
      size: 421221679
      nfiles: 4
  data_preprocessing:
    cmd: python scripts/data_preprocessing.py
    deps:
    - path: Data/Raw
      hash: md5
      md5: e77eeb0fd95f1391b2fa3ffcb28d71f8.dir
      size: 421221679
      nfiles: 4
    - path: scripts/data_preprocessing.py
      hash: md5
      md5: 1ba5afa04a71188f4a734b297ded4b5f
      size: 3457
    outs:
    - path: Data/Clean
      hash: md5
      md5: c9a460fbc088f015854ed63bd02668cd.dir
      size: 419304588
      nfiles: 4
  tokenizer:
    cmd: python scripts/tokenizer.py
    deps:
    - path: Data/Clean
      hash: md5
      md5: c9a460fbc088f015854ed63bd02668cd.dir
      size: 419304588
      nfiles: 4
    - path: scripts/tokenizer.py
      hash: md5
      md5: 803b7b991a8da20c9cd40327b1f59f73
      size: 5356
    params:
      params.yaml:
        tokenizer.vocab_size: 2000
    outs:
    - path: Joblibs/tokenizer.joblib
      hash: md5
      md5: 8a4b15f180e092a540a214066603da64
      size: 49189
  transformer_training:
    cmd: PYTHONPATH=/Users/prakhar_patil/Desktop/SPE_Proj python scripts/transformer_training.py
    deps:
    - path: Data/Clean
      hash: md5
      md5: c9a460fbc088f015854ed63bd02668cd.dir
      size: 419304588
      nfiles: 4
    - path: Joblibs/tokenizer.joblib
      hash: md5
      md5: 8a4b15f180e092a540a214066603da64
      size: 49189
    - path: Model/model_architecture.py
      hash: md5
      md5: 9d7f0d73b1d5d506cbc47d56d9f0cb3e
      size: 4384
    - path: scripts/transformer_training.py
      hash: md5
      md5: 10aa46eb3b8aacfa65c2c94d251e54ca
      size: 7021
    outs:
    - path: checkpoints/
      hash: md5
      md5: 44cd66491d671de5c7c93d33cbec52b9.dir
      size: 7772828
      nfiles: 4
